
Microsoft Visual Studio Solution File, Format Version 12.00
# Visual Studio 14
VisualStudioVersion = 14.0.25420.1
MinimumVisualStudioVersion = 10.0.40219.1
Project("{8BC9CEB8-8B4A-11D0-8D11-00A0C91BC942}") = "zlib", "zlib\zlib.vcxproj", "{847B53A6-F2EF-4F83-9E63-E246A4EFD969}"
EndProject
Project("{2150E333-8FDC-42A3-9474-1A3956D46DE8}") = "thirdparty", "thirdparty", "{4BA53610-1E3E-410D-8681-C5BB153A0356}"
EndProject
Project("{8BC9CEB8-8B4A-11D0-8D11-00A0C91BC942}") = "libjpeg", "libjpeg\libjpeg.vcxproj", "{44DBED96-C79A-4B0D-9B5E-48359CA39076}"
EndProject
Project("{8BC9CEB8-8B4A-11D0-8D11-00A0C91BC942}") = "libpng", "libpng\libpng.vcxproj", "{DE3F7149-EBF6-4479-8781-35AF4B68B12A}"
EndProject
Project("{8BC9CEB8-8B4A-11D0-8D11-00A0C91BC942}") = "freetype", "freetype\freetype.vcxproj", "{88B03D0B-2347-4FE3-8993-1165F0B9A113}"
EndProject
Project("{8BC9CEB8-8B4A-11D0-8D11-00A0C91BC942}") = "glew", "glew\glew.vcxproj", "{0F2885D8-DDAB-427B-8495-6E3EFFF31893}"
EndProject
Project("{8BC9CEB8-8B4A-11D0-8D11-00A0C91BC942}") = "bullet", "bullet\bullet.vcxproj", "{A2353A23-CB47-4BCB-A333-4D52F093FD40}"
EndProject
Project("{8BC9CEB8-8B4A-11D0-8D11-00A0C91BC942}") = "script", "script\script.vcxproj", "{9E013B4E-EBCC-4A0A-90F2-A8A09A38EF44}"
EndProject
Project("{2150E333-8FDC-42A3-9474-1A3956D46DE8}") = "scythe", "scythe", "{4D211F3E-A500-4FA1-8A9B-A8B3EFECAFD6}"
EndProject
Project("{2150E333-8FDC-42A3-9474-1A3956D46DE8}") = "demos", "demos", "{B42C8B7C-FA3C-483C-9FCF-8B91DD7CF6C6}"
EndProject
Global
	GlobalSection(SolutionConfigurationPlatforms) = preSolution
		Debug|x64 = Debug|x64
		Debug|x86 = Debug|x86
		Release|x64 = Release|x64
		Release|x86 = Release|x86
	EndGlobalSection
	GlobalSection(ProjectConfigurationPlatforms) = postSolution
		{847B53A6-F2EF-4F83-9E63-E246A4EFD969}.Debug|x64.ActiveCfg = Debug|x64
		{847B53A6-F2EF-4F83-9E63-E246A4EFD969}.Debug|x64.Build.0 = Debug|x64
		{847B53A6-F2EF-4F83-9E63-E246A4EFD969}.Debug|x86.ActiveCfg = Debug|Win32
		{847B53A6-F2EF-4F83-9E63-E246A4EFD969}.Debug|x86.Build.0 = Debug|Win32
		{847B53A6-F2EF-4F83-9E63-E246A4EFD969}.Release|x64.ActiveCfg = Release|x64
		{847B53A6-F2EF-4F83-9E63-E246A4EFD969}.Release|x64.Build.0 = Release|x64
		{847B53A6-F2EF-4F83-9E63-E246A4EFD969}.Release|x86.ActiveCfg = Release|Win32
		{847B53A6-F2EF-4F83-9E63-E246A4EFD969}.Release|x86.Build.0 = Release|Win32
		{44DBED96-C79A-4B0D-9B5E-48359CA39076}.Debug|x64.ActiveCfg = Debug|x64
		{44DBED96-C79A-4B0D-9B5E-48359CA39076}.Debug|x64.Build.0 = Debug|x64
		{44DBED96-C79A-4B0D-9B5E-48359CA39076}.Debug|x86.ActiveCfg = Debug|Win32
		{44DBED96-C79A-4B0D-9B5E-48359CA39076}.Debug|x86.Build.0 = Debug|Win32
		{44DBED96-C79A-4B0D-9B5E-48359CA39076}.Release|x64.ActiveCfg = Release|x64
		{44DBED96-C79A-4B0D-9B5E-48359CA39076}.Release|x64.Build.0 = Release|x64
		{44DBED96-C79A-4B0D-9B5E-48359CA39076}.Release|x86.ActiveCfg = Release|Win32
		{44DBED96-C79A-4B0D-9B5E-48359CA39076}.Release|x86.Build.0 = Release|Win32
		{DE3F7149-EBF6-4479-8781-35AF4B68B12A}.Debug|x64.ActiveCfg = Debug|x64
		{DE3F7149-EBF6-4479-8781-35AF4B68B12A}.Debug|x64.Build.0 = Debug|x64
		{DE3F7149-EBF6-4479-8781-35AF4B68B12A}.Debug|x86.ActiveCfg = Debug|Win32
		{DE3F7149-EBF6-4479-8781-35AF4B68B12A}.Debug|x86.Build.0 = Debug|Win32
		{DE3F7149-EBF6-4479-8781-35AF4B68B12A}.Release|x64.ActiveCfg = Release|x64
		{DE3F7149-EBF6-4479-8781-35AF4B68B12A}.Release|x64.Build.0 = Release|x64
		{DE3F7149-EBF6-4479-8781-35AF4B68B12A}.Release|x86.ActiveCfg = Release|Win32
		{DE3F7149-EBF6-4479-8781-35AF4B68B12A}.Release|x86.Build.0 = Release|Win32
		{88B03D0B-2347-4FE3-8993-1165F0B9A113}.Debug|x64.ActiveCfg = Debug|x64
		{88B03D0B-2347-4FE3-8993-1165F0B9A113}.Debug|x64.Build.0 = Debug|x64
		{88B03D0B-2347-4FE3-8993-1165F0B9A113}.Debug|x86.ActiveCfg = Debug|Win32
		{88B03D0B-2347-4FE3-8993-1165F0B9A113}.Debug|x86.Build.0 = Debug|Win32
		{88B03D0B-2347-4FE3-8993-1165F0B9A113}.Release|x64.ActiveCfg = Release|x64
		{88B03D0B-2347-4FE3-8993-1165F0B9A113}.Release|x64.Build.0 = Release|x64
		{88B03D0B-2347-4FE3-8993-1165F0B9A113}.Release|x86.ActiveCfg = Release|Win32
		{88B03D0B-2347-4FE3-8993-1165F0B9A113}.Release|x86.Build.0 = Release|Win32
		{0F2885D8-DDAB-427B-8495-6E3EFFF31893}.Debug|x64.ActiveCfg = Debug|x64
		{0F2885D8-DDAB-427B-8495-6E3EFFF31893}.Debug|x64.Build.0 = Debug|x64
		{0F2885D8-DDAB-427B-8495-6E3EFFF31893}.Debug|x86.ActiveCfg = Debug|Win32
		{0F2885D8-DDAB-427B-8495-6E3EFFF31893}.Debug|x86.Build.0 = Debug|Win32
		{0F2885D8-DDAB-427B-8495-6E3EFFF31893}.Release|x64.ActiveCfg = Release|x64
		{0F2885D8-DDAB-427B-8495-6E3EFFF31893}.Release|x64.Build.0 = Release|x64
		{0F2885D8-DDAB-427B-8495-6E3EFFF31893}.Release|x86.ActiveCfg = Release|Win32
		{0F2885D8-DDAB-427B-8495-6E3EFFF31893}.Release|x86.Build.0 = Release|Win32
		{A2353A23-CB47-4BCB-A333-4D52F093FD40}.Debug|x64.ActiveCfg = Debug|x64
		{A2353A23-CB47-4BCB-A333-4D52F093FD40}.Debug|x64.Build.0 = Debug|x64
		{A2353A23-CB47-4BCB-A333-4D52F093FD40}.Debug|x86.ActiveCfg = Debug|Win32
		{A2353A23-CB47-4BCB-A333-4D52F093FD40}.Debug|x86.Build.0 = Debug|Win32
		{A2353A23-CB47-4BCB-A333-4D52F093FD40}.Release|x64.ActiveCfg = Release|x64
		{A2353A23-CB47-4BCB-A333-4D52F093FD40}.Release|x64.Build.0 = Release|x64
		{A2353A23-CB47-4BCB-A333-4D52F093FD40}.Release|x86.ActiveCfg = Release|Win32
		{A2353A23-CB47-4BCB-A333-4D52F093FD40}.Release|x86.Build.0 = Release|Win32
		{9E013B4E-EBCC-4A0A-90F2-A8A09A38EF44}.Debug|x64.ActiveCfg = Debug|x64
		{9E013B4E-EBCC-4A0A-90F2-A8A09A38EF44}.Debug|x64.Build.0 = Debug|x64
		{9E013B4E-EBCC-4A0A-90F2-A8A09A38EF44}.Debug|x86.ActiveCfg = Debug|Win32
		{9E013B4E-EBCC-4A0A-90F2-A8A09A38EF44}.Debug|x86.Build.0 = Debug|Win32
		{9E013B4E-EBCC-4A0A-90F2-A8A09A38EF44}.Release|x64.ActiveCfg = Release|x64
		{9E013B4E-EBCC-4A0A-90F2-A8A09A38EF44}.Release|x64.Build.0 = Release|x64
		{9E013B4E-EBCC-4A0A-90F2-A8A09A38EF44}.Release|x86.ActiveCfg = Release|Win32
		{9E013B4E-EBCC-4A0A-90F2-A8A09A38EF44}.Release|x86.Build.0 = Release|Win32
	EndGlobalSection
	GlobalSection(SolutionProperties) = preSolution
		HideSolutionNode = FALSE
	EndGlobalSection
	GlobalSection(NestedProjects) = preSolution
		{847B53A6-F2EF-4F83-9E63-E246A4EFD969} = {4BA53610-1E3E-410D-8681-C5BB153A0356}
		{44DBED96-C79A-4B0D-9B5E-48359CA39076} = {4BA53610-1E3E-410D-8681-C5BB153A0356}
		{DE3F7149-EBF6-4479-8781-35AF4B68B12A} = {4BA53610-1E3E-410D-8681-C5BB153A0356}
		{88B03D0B-2347-4FE3-8993-1165F0B9A113} = {4BA53610-1E3E-410D-8681-C5BB153A0356}
		{0F2885D8-DDAB-427B-8495-6E3EFFF31893} = {4BA53610-1E3E-410D-8681-C5BB153A0356}
		{A2353A23-CB47-4BCB-A333-4D52F093FD40} = {4BA53610-1E3E-410D-8681-C5BB153A0356}
		{9E013B4E-EBCC-4A0A-90F2-A8A09A38EF44} = {4BA53610-1E3E-410D-8681-C5BB153A0356}
	EndGlobalSection
EndGlobal
